
Microsoft Visual Studio Solution File, Format Version 12.00
# Visual Studio 15
VisualStudioVersion = 15.0.27004.2006
MinimumVisualStudioVersion = 10.0.40219.1
Project("{FAE04EC0-301F-11D3-BF4B-00C04F79EFBC}") = "PyScript", "PyScript\PyScript.csproj", "{64F4885A-C200-40D6-AB16-1A95E69E38E5}"
EndProject
Global
	GlobalSection(SolutionConfigurationPlatforms) = preSolution
		Debug|Any CPU = Debug|Any CPU
		Release|Any CPU = Release|Any CPU
	EndGlobalSection
	GlobalSection(ProjectConfigurationPlatforms) = postSolution
		{64F4885A-C200-40D6-AB16-1A95E69E38E5}.Debug|Any CPU.ActiveCfg = Debug|Any CPU
		{64F4885A-C200-40D6-AB16-1A95E69E38E5}.Debug|Any CPU.Build.0 = Debug|Any CPU
		{64F4885A-C200-40D6-AB16-1A95E69E38E5}.Release|Any CPU.ActiveCfg = Release|Any CPU
		{64F4885A-C200-40D6-AB16-1A95E69E38E5}.Release|Any CPU.Build.0 = Release|Any CPU
	EndGlobalSection
	GlobalSection(SolutionProperties) = preSolution
		HideSolutionNode = FALSE
	EndGlobalSection
	GlobalSection(ExtensibilityGlobals) = postSolution
		SolutionGuid = {6EE86EB0-0F09-4014-94F4-D6AF81958341}
	EndGlobalSection
EndGlobal
